// !$*UTF8*$!
{
	archiveVersion = 1;
	classes = {
	};
	objectVersion = 56;
	objects = {

/* Begin PBXBuildFile section */
		452E42C32B04C29000B8A2C6 /* AppDelegate.swift in Sources */ = {isa = PBXBuildFile; fileRef = 452E42C22B04C29000B8A2C6 /* AppDelegate.swift */; };
		452E42C52B04C29000B8A2C6 /* SceneDelegate.swift in Sources */ = {isa = PBXBuildFile; fileRef = 452E42C42B04C29000B8A2C6 /* SceneDelegate.swift */; };
		452E42C72B04C29000B8A2C6 /* NetWorkingTestViewController.swift in Sources */ = {isa = PBXBuildFile; fileRef = 452E42C62B04C29000B8A2C6 /* NetWorkingTestViewController.swift */; };
		452E42CA2B04C29000B8A2C6 /* Main.storyboard in Resources */ = {isa = PBXBuildFile; fileRef = 452E42C82B04C29000B8A2C6 /* Main.storyboard */; };
		452E42CC2B04C29200B8A2C6 /* Assets.xcassets in Resources */ = {isa = PBXBuildFile; fileRef = 452E42CB2B04C29200B8A2C6 /* Assets.xcassets */; };
		452E42CF2B04C29200B8A2C6 /* LaunchScreen.storyboard in Resources */ = {isa = PBXBuildFile; fileRef = 452E42CD2B04C29200B8A2C6 /* LaunchScreen.storyboard */; };
		452E42DA2B04C58D00B8A2C6 /* NetWorkingTestViewController.storyboard in Resources */ = {isa = PBXBuildFile; fileRef = 452E42D92B04C58D00B8A2C6 /* NetWorkingTestViewController.storyboard */; };
		457FF5622B050EC800838CD5 /* FacebookAEM in Frameworks */ = {isa = PBXBuildFile; productRef = 457FF5612B050EC800838CD5 /* FacebookAEM */; };
		457FF5642B050EC800838CD5 /* FacebookBasics in Frameworks */ = {isa = PBXBuildFile; productRef = 457FF5632B050EC800838CD5 /* FacebookBasics */; };
		457FF5662B050EC800838CD5 /* FacebookCore in Frameworks */ = {isa = PBXBuildFile; productRef = 457FF5652B050EC800838CD5 /* FacebookCore */; };
		457FF5682B050EC800838CD5 /* FacebookGamingServices in Frameworks */ = {isa = PBXBuildFile; productRef = 457FF5672B050EC800838CD5 /* FacebookGamingServices */; };
		457FF56A2B050EC800838CD5 /* FacebookLogin in Frameworks */ = {isa = PBXBuildFile; productRef = 457FF5692B050EC800838CD5 /* FacebookLogin */; };
		457FF56C2B050EC800838CD5 /* FacebookShare in Frameworks */ = {isa = PBXBuildFile; productRef = 457FF56B2B050EC800838CD5 /* FacebookShare */; };
		457FF56E2B050EC800838CD5 /* FacebookTV in Frameworks */ = {isa = PBXBuildFile; productRef = 457FF56D2B050EC800838CD5 /* FacebookTV */; };
/* End PBXBuildFile section */

/* Begin PBXFileReference section */
		452E42BF2B04C29000B8A2C6 /* NetWorkingTest.app */ = {isa = PBXFileReference; explicitFileType = wrapper.application; includeInIndex = 0; path = NetWorkingTest.app; sourceTree = BUILT_PRODUCTS_DIR; };
		452E42C22B04C29000B8A2C6 /* AppDelegate.swift */ = {isa = PBXFileReference; lastKnownFileType = sourcecode.swift; path = AppDelegate.swift; sourceTree = "<group>"; };
		452E42C42B04C29000B8A2C6 /* SceneDelegate.swift */ = {isa = PBXFileReference; lastKnownFileType = sourcecode.swift; path = SceneDelegate.swift; sourceTree = "<group>"; };
		452E42C62B04C29000B8A2C6 /* NetWorkingTestViewController.swift */ = {isa = PBXFileReference; lastKnownFileType = sourcecode.swift; path = NetWorkingTestViewController.swift; sourceTree = "<group>"; };
		452E42C92B04C29000B8A2C6 /* Base */ = {isa = PBXFileReference; lastKnownFileType = file.storyboard; name = Base; path = Base.lproj/Main.storyboard; sourceTree = "<group>"; };
		452E42CB2B04C29200B8A2C6 /* Assets.xcassets */ = {isa = PBXFileReference; lastKnownFileType = folder.assetcatalog; path = Assets.xcassets; sourceTree = "<group>"; };
		452E42CE2B04C29200B8A2C6 /* Base */ = {isa = PBXFileReference; lastKnownFileType = file.storyboard; name = Base; path = Base.lproj/LaunchScreen.storyboard; sourceTree = "<group>"; };
		452E42D02B04C29200B8A2C6 /* Info.plist */ = {isa = PBXFileReference; lastKnownFileType = text.plist.xml; path = Info.plist; sourceTree = "<group>"; };
		452E42D92B04C58D00B8A2C6 /* NetWorkingTestViewController.storyboard */ = {isa = PBXFileReference; lastKnownFileType = file.storyboard; path = NetWorkingTestViewController.storyboard; sourceTree = "<group>"; };
		457FF56F2B0511CF00838CD5 /* NetWorkingTest.entitlements */ = {isa = PBXFileReference; lastKnownFileType = text.plist.entitlements; path = NetWorkingTest.entitlements; sourceTree = "<group>"; };
/* End PBXFileReference section */

/* Begin PBXFrameworksBuildPhase section */
		452E42BC2B04C29000B8A2C6 /* Frameworks */ = {
			isa = PBXFrameworksBuildPhase;
			buildActionMask = 2147483647;
			files = (
				457FF56A2B050EC800838CD5 /* FacebookLogin in Frameworks */,
				457FF5622B050EC800838CD5 /* FacebookAEM in Frameworks */,
				457FF56C2B050EC800838CD5 /* FacebookShare in Frameworks */,
				457FF5662B050EC800838CD5 /* FacebookCore in Frameworks */,
				457FF5642B050EC800838CD5 /* FacebookBasics in Frameworks */,
				457FF5682B050EC800838CD5 /* FacebookGamingServices in Frameworks */,
				457FF56E2B050EC800838CD5 /* FacebookTV in Frameworks */,
			);
			runOnlyForDeploymentPostprocessing = 0;
		};
/* End PBXFrameworksBuildPhase section */

/* Begin PBXGroup section */
		452E42B62B04C29000B8A2C6 = {
			isa = PBXGroup;
			children = (
				452E42C12B04C29000B8A2C6 /* NetWorkingTest */,
				452E42C02B04C29000B8A2C6 /* Products */,
			);
			sourceTree = "<group>";
		};
		452E42C02B04C29000B8A2C6 /* Products */ = {
			isa = PBXGroup;
			children = (
				452E42BF2B04C29000B8A2C6 /* NetWorkingTest.app */,
			);
			name = Products;
			sourceTree = "<group>";
		};
		452E42C12B04C29000B8A2C6 /* NetWorkingTest */ = {
			isa = PBXGroup;
			children = (
				457FF56F2B0511CF00838CD5 /* NetWorkingTest.entitlements */,
				452E42C22B04C29000B8A2C6 /* AppDelegate.swift */,
				452E42C42B04C29000B8A2C6 /* SceneDelegate.swift */,
				452E42C62B04C29000B8A2C6 /* NetWorkingTestViewController.swift */,
				452E42D92B04C58D00B8A2C6 /* NetWorkingTestViewController.storyboard */,
				452E42C82B04C29000B8A2C6 /* Main.storyboard */,
				452E42CB2B04C29200B8A2C6 /* Assets.xcassets */,
				452E42CD2B04C29200B8A2C6 /* LaunchScreen.storyboard */,
				452E42D02B04C29200B8A2C6 /* Info.plist */,
			);
			path = NetWorkingTest;
			sourceTree = "<group>";
		};
/* End PBXGroup section */

/* Begin PBXNativeTarget section */
		452E42BE2B04C29000B8A2C6 /* NetWorkingTest */ = {
			isa = PBXNativeTarget;
			buildConfigurationList = 452E42D32B04C29200B8A2C6 /* Build configuration list for PBXNativeTarget "NetWorkingTest" */;
			buildPhases = (
				452E42BB2B04C29000B8A2C6 /* Sources */,
				452E42BC2B04C29000B8A2C6 /* Frameworks */,
				452E42BD2B04C29000B8A2C6 /* Resources */,
			);
			buildRules = (
			);
			dependencies = (
			);
			name = NetWorkingTest;
			packageProductDependencies = (
				457FF5612B050EC800838CD5 /* FacebookAEM */,
				457FF5632B050EC800838CD5 /* FacebookBasics */,
				457FF5652B050EC800838CD5 /* FacebookCore */,
				457FF5672B050EC800838CD5 /* FacebookGamingServices */,
				457FF5692B050EC800838CD5 /* FacebookLogin */,
				457FF56B2B050EC800838CD5 /* FacebookShare */,
				457FF56D2B050EC800838CD5 /* FacebookTV */,
			);
			productName = NetWorkingTest;
			productReference = 452E42BF2B04C29000B8A2C6 /* NetWorkingTest.app */;
			productType = "com.apple.product-type.application";
		};
/* End PBXNativeTarget section */

/* Begin PBXProject section */
		452E42B72B04C29000B8A2C6 /* Project object */ = {
			isa = PBXProject;
			attributes = {
				BuildIndependentTargetsInParallel = 1;
				LastSwiftUpdateCheck = 1500;
				LastUpgradeCheck = 1500;
				TargetAttributes = {
					452E42BE2B04C29000B8A2C6 = {
						CreatedOnToolsVersion = 15.0.1;
					};
				};
			};
			buildConfigurationList = 452E42BA2B04C29000B8A2C6 /* Build configuration list for PBXProject "NetWorkingTest" */;
			compatibilityVersion = "Xcode 14.0";
			developmentRegion = en;
			hasScannedForEncodings = 0;
			knownRegions = (
				en,
				Base,
			);
			mainGroup = 452E42B62B04C29000B8A2C6;
			packageReferences = (
				457FF5602B050EC800838CD5 /* XCRemoteSwiftPackageReference "facebook-ios-sdk" */,
			);
			productRefGroup = 452E42C02B04C29000B8A2C6 /* Products */;
			projectDirPath = "";
			projectRoot = "";
			targets = (
				452E42BE2B04C29000B8A2C6 /* NetWorkingTest */,
			);
		};
/* End PBXProject section */

/* Begin PBXResourcesBuildPhase section */
		452E42BD2B04C29000B8A2C6 /* Resources */ = {
			isa = PBXResourcesBuildPhase;
			buildActionMask = 2147483647;
			files = (
				452E42CF2B04C29200B8A2C6 /* LaunchScreen.storyboard in Resources */,
				452E42DA2B04C58D00B8A2C6 /* NetWorkingTestViewController.storyboard in Resources */,
				452E42CC2B04C29200B8A2C6 /* Assets.xcassets in Resources */,
				452E42CA2B04C29000B8A2C6 /* Main.storyboard in Resources */,
			);
			runOnlyForDeploymentPostprocessing = 0;
		};
/* End PBXResourcesBuildPhase section */

/* Begin PBXSourcesBuildPhase section */
		452E42BB2B04C29000B8A2C6 /* Sources */ = {
			isa = PBXSourcesBuildPhase;
			buildActionMask = 2147483647;
			files = (
				452E42C72B04C29000B8A2C6 /* NetWorkingTestViewController.swift in Sources */,
				452E42C32B04C29000B8A2C6 /* AppDelegate.swift in Sources */,
				452E42C52B04C29000B8A2C6 /* SceneDelegate.swift in Sources */,
			);
			runOnlyForDeploymentPostprocessing = 0;
		};
/* End PBXSourcesBuildPhase section */

/* Begin PBXVariantGroup section */
		452E42C82B04C29000B8A2C6 /* Main.storyboard */ = {
			isa = PBXVariantGroup;
			children = (
				452E42C92B04C29000B8A2C6 /* Base */,
			);
			name = Main.storyboard;
			sourceTree = "<group>";
		};
		452E42CD2B04C29200B8A2C6 /* LaunchScreen.storyboard */ = {
			isa = PBXVariantGroup;
			children = (
				452E42CE2B04C29200B8A2C6 /* Base */,
			);
			name = LaunchScreen.storyboard;
			sourceTree = "<group>";
		};
/* End PBXVariantGroup section */

/* Begin XCBuildConfiguration section */
		452E42D12B04C29200B8A2C6 /* Debug */ = {
			isa = XCBuildConfiguration;
			buildSettings = {
				ALWAYS_SEARCH_USER_PATHS = NO;
				ASSETCATALOG_COMPILER_GENERATE_SWIFT_ASSET_SYMBOL_EXTENSIONS = YES;
				CLANG_ANALYZER_NONNULL = YES;
				CLANG_ANALYZER_NUMBER_OBJECT_CONVERSION = YES_AGGRESSIVE;
				CLANG_CXX_LANGUAGE_STANDARD = "gnu++20";
				CLANG_ENABLE_MODULES = YES;
				CLANG_ENABLE_OBJC_ARC = YES;
				CLANG_ENABLE_OBJC_WEAK = YES;
				CLANG_WARN_BLOCK_CAPTURE_AUTORELEASING = YES;
				CLANG_WARN_BOOL_CONVERSION = YES;
				CLANG_WARN_COMMA = YES;
				CLANG_WARN_CONSTANT_CONVERSION = YES;
				CLANG_WARN_DEPRECATED_OBJC_IMPLEMENTATIONS = YES;
				CLANG_WARN_DIRECT_OBJC_ISA_USAGE = YES_ERROR;
				CLANG_WARN_DOCUMENTATION_COMMENTS = YES;
				CLANG_WARN_EMPTY_BODY = YES;
				CLANG_WARN_ENUM_CONVERSION = YES;
				CLANG_WARN_INFINITE_RECURSION = YES;
				CLANG_WARN_INT_CONVERSION = YES;
				CLANG_WARN_NON_LITERAL_NULL_CONVERSION = YES;
				CLANG_WARN_OBJC_IMPLICIT_RETAIN_SELF = YES;
				CLANG_WARN_OBJC_LITERAL_CONVERSION = YES;
				CLANG_WARN_OBJC_ROOT_CLASS = YES_ERROR;
				CLANG_WARN_QUOTED_INCLUDE_IN_FRAMEWORK_HEADER = YES;
				CLANG_WARN_RANGE_LOOP_ANALYSIS = YES;
				CLANG_WARN_STRICT_PROTOTYPES = YES;
				CLANG_WARN_SUSPICIOUS_MOVE = YES;
				CLANG_WARN_UNGUARDED_AVAILABILITY = YES_AGGRESSIVE;
				CLANG_WARN_UNREACHABLE_CODE = YES;
				CLANG_WARN__DUPLICATE_METHOD_MATCH = YES;
				COPY_PHASE_STRIP = NO;
				DEBUG_INFORMATION_FORMAT = dwarf;
				ENABLE_STRICT_OBJC_MSGSEND = YES;
				ENABLE_TESTABILITY = YES;
				ENABLE_USER_SCRIPT_SANDBOXING = YES;
				GCC_C_LANGUAGE_STANDARD = gnu17;
				GCC_DYNAMIC_NO_PIC = NO;
				GCC_NO_COMMON_BLOCKS = YES;
				GCC_OPTIMIZATION_LEVEL = 0;
				GCC_PREPROCESSOR_DEFINITIONS = (
					"DEBUG=1",
					"$(inherited)",
				);
				GCC_WARN_64_TO_32_BIT_CONVERSION = YES;
				GCC_WARN_ABOUT_RETURN_TYPE = YES_ERROR;
				GCC_WARN_UNDECLARED_SELECTOR = YES;
				GCC_WARN_UNINITIALIZED_AUTOS = YES_AGGRESSIVE;
				GCC_WARN_UNUSED_FUNCTION = YES;
				GCC_WARN_UNUSED_VARIABLE = YES;
				IPHONEOS_DEPLOYMENT_TARGET = 17.0;
				LOCALIZATION_PREFERS_STRING_CATALOGS = YES;
				MTL_ENABLE_DEBUG_INFO = INCLUDE_SOURCE;
				MTL_FAST_MATH = YES;
				ONLY_ACTIVE_ARCH = YES;
				SDKROOT = iphoneos;
				SWIFT_ACTIVE_COMPILATION_CONDITIONS = "DEBUG $(inherited)";
				SWIFT_OPTIMIZATION_LEVEL = "-Onone";
			};
			name = Debug;
		};
		452E42D22B04C29200B8A2C6 /* Release */ = {
			isa = XCBuildConfiguration;
			buildSettings = {
				ALWAYS_SEARCH_USER_PATHS = NO;
				ASSETCATALOG_COMPILER_GENERATE_SWIFT_ASSET_SYMBOL_EXTENSIONS = YES;
				CLANG_ANALYZER_NONNULL = YES;
				CLANG_ANALYZER_NUMBER_OBJECT_CONVERSION = YES_AGGRESSIVE;
				CLANG_CXX_LANGUAGE_STANDARD = "gnu++20";
				CLANG_ENABLE_MODULES = YES;
				CLANG_ENABLE_OBJC_ARC = YES;
				CLANG_ENABLE_OBJC_WEAK = YES;
				CLANG_WARN_BLOCK_CAPTURE_AUTORELEASING = YES;
				CLANG_WARN_BOOL_CONVERSION = YES;
				CLANG_WARN_COMMA = YES;
				CLANG_WARN_CONSTANT_CONVERSION = YES;
				CLANG_WARN_DEPRECATED_OBJC_IMPLEMENTATIONS = YES;
				CLANG_WARN_DIRECT_OBJC_ISA_USAGE = YES_ERROR;
				CLANG_WARN_DOCUMENTATION_COMMENTS = YES;
				CLANG_WARN_EMPTY_BODY = YES;
				CLANG_WARN_ENUM_CONVERSION = YES;
				CLANG_WARN_INFINITE_RECURSION = YES;
				CLANG_WARN_INT_CONVERSION = YES;
				CLANG_WARN_NON_LITERAL_NULL_CONVERSION = YES;
				CLANG_WARN_OBJC_IMPLICIT_RETAIN_SELF = YES;
				CLANG_WARN_OBJC_LITERAL_CONVERSION = YES;
				CLANG_WARN_OBJC_ROOT_CLASS = YES_ERROR;
				CLANG_WARN_QUOTED_INCLUDE_IN_FRAMEWORK_HEADER = YES;
				CLANG_WARN_RANGE_LOOP_ANALYSIS = YES;
				CLANG_WARN_STRICT_PROTOTYPES = YES;
				CLANG_WARN_SUSPICIOUS_MOVE = YES;
				CLANG_WARN_UNGUARDED_AVAILABILITY = YES_AGGRESSIVE;
				CLANG_WARN_UNREACHABLE_CODE = YES;
				CLANG_WARN__DUPLICATE_METHOD_MATCH = YES;
				COPY_PHASE_STRIP = NO;
				DEBUG_INFORMATION_FORMAT = "dwarf-with-dsym";
				ENABLE_NS_ASSERTIONS = NO;
				ENABLE_STRICT_OBJC_MSGSEND = YES;
				ENABLE_USER_SCRIPT_SANDBOXING = YES;
				GCC_C_LANGUAGE_STANDARD = gnu17;
				GCC_NO_COMMON_BLOCKS = YES;
				GCC_WARN_64_TO_32_BIT_CONVERSION = YES;
				GCC_WARN_ABOUT_RETURN_TYPE = YES_ERROR;
				GCC_WARN_UNDECLARED_SELECTOR = YES;
				GCC_WARN_UNINITIALIZED_AUTOS = YES_AGGRESSIVE;
				GCC_WARN_UNUSED_FUNCTION = YES;
				GCC_WARN_UNUSED_VARIABLE = YES;
				IPHONEOS_DEPLOYMENT_TARGET = 17.0;
				LOCALIZATION_PREFERS_STRING_CATALOGS = YES;
				MTL_ENABLE_DEBUG_INFO = NO;
				MTL_FAST_MATH = YES;
				SDKROOT = iphoneos;
				SWIFT_COMPILATION_MODE = wholemodule;
				VALIDATE_PRODUCT = YES;
			};
			name = Release;
		};
		452E42D42B04C29200B8A2C6 /* Debug */ = {
			isa = XCBuildConfiguration;
			buildSettings = {
				ASSETCATALOG_COMPILER_APPICON_NAME = AppIcon;
				ASSETCATALOG_COMPILER_GLOBAL_ACCENT_COLOR_NAME = AccentColor;
				CODE_SIGN_ENTITLEMENTS = NetWorkingTest/NetWorkingTest.entitlements;
				CODE_SIGN_STYLE = Automatic;
				CURRENT_PROJECT_VERSION = 1;
				DEVELOPMENT_TEAM = 364SL2SBAV;
				FRAMEWORK_SEARCH_PATHS = "";
				GENERATE_INFOPLIST_FILE = YES;
				INFOPLIST_FILE = NetWorkingTest/Info.plist;
				INFOPLIST_KEY_UIApplicationSupportsIndirectInputEvents = YES;
				INFOPLIST_KEY_UILaunchStoryboardName = LaunchScreen;
				INFOPLIST_KEY_UIMainStoryboardFile = Main;
				INFOPLIST_KEY_UISupportedInterfaceOrientations_iPad = "UIInterfaceOrientationPortrait UIInterfaceOrientationPortraitUpsideDown UIInterfaceOrientationLandscapeLeft UIInterfaceOrientationLandscapeRight";
				INFOPLIST_KEY_UISupportedInterfaceOrientations_iPhone = "UIInterfaceOrientationPortrait UIInterfaceOrientationLandscapeLeft UIInterfaceOrientationLandscapeRight";
				LD_RUNPATH_SEARCH_PATHS = (
					"$(inherited)",
					"@executable_path/Frameworks",
				);
				MARKETING_VERSION = 1.0;
				PRODUCT_BUNDLE_IDENTIFIER = "Kauri-and-Co.NetWorkingTest";
				PRODUCT_NAME = "$(TARGET_NAME)";
				SWIFT_EMIT_LOC_STRINGS = YES;
				SWIFT_VERSION = 5.0;
				TARGETED_DEVICE_FAMILY = "1,2";
			};
			name = Debug;
		};
		452E42D52B04C29200B8A2C6 /* Release */ = {
			isa = XCBuildConfiguration;
			buildSettings = {
				ASSETCATALOG_COMPILER_APPICON_NAME = AppIcon;
				ASSETCATALOG_COMPILER_GLOBAL_ACCENT_COLOR_NAME = AccentColor;
				CODE_SIGN_ENTITLEMENTS = NetWorkingTest/NetWorkingTest.entitlements;
				CODE_SIGN_STYLE = Automatic;
				CURRENT_PROJECT_VERSION = 1;
				DEVELOPMENT_TEAM = 364SL2SBAV;
				FRAMEWORK_SEARCH_PATHS = "";
				GENERATE_INFOPLIST_FILE = YES;
				INFOPLIST_FILE = NetWorkingTest/Info.plist;
				INFOPLIST_KEY_UIApplicationSupportsIndirectInputEvents = YES;
				INFOPLIST_KEY_UILaunchStoryboardName = LaunchScreen;
				INFOPLIST_KEY_UIMainStoryboardFile = Main;
				INFOPLIST_KEY_UISupportedInterfaceOrientations_iPad = "UIInterfaceOrientationPortrait UIInterfaceOrientationPortraitUpsideDown UIInterfaceOrientationLandscapeLeft UIInterfaceOrientationLandscapeRight";
				INFOPLIST_KEY_UISupportedInterfaceOrientations_iPhone = "UIInterfaceOrientationPortrait UIInterfaceOrientationLandscapeLeft UIInterfaceOrientationLandscapeRight";
				LD_RUNPATH_SEARCH_PATHS = (
					"$(inherited)",
					"@executable_path/Frameworks",
				);
				MARKETING_VERSION = 1.0;
				PRODUCT_BUNDLE_IDENTIFIER = "Kauri-and-Co.NetWorkingTest";
				PRODUCT_NAME = "$(TARGET_NAME)";
				SWIFT_EMIT_LOC_STRINGS = YES;
				SWIFT_VERSION = 5.0;
				TARGETED_DEVICE_FAMILY = "1,2";
			};
			name = Release;
		};
/* End XCBuildConfiguration section */

/* Begin XCConfigurationList section */
		452E42BA2B04C29000B8A2C6 /* Build configuration list for PBXProject "NetWorkingTest" */ = {
			isa = XCConfigurationList;
			buildConfigurations = (
				452E42D12B04C29200B8A2C6 /* Debug */,
				452E42D22B04C29200B8A2C6 /* Release */,
			);
			defaultConfigurationIsVisible = 0;
			defaultConfigurationName = Release;
		};
		452E42D32B04C29200B8A2C6 /* Build configuration list for PBXNativeTarget "NetWorkingTest" */ = {
			isa = XCConfigurationList;
			buildConfigurations = (
				452E42D42B04C29200B8A2C6 /* Debug */,
				452E42D52B04C29200B8A2C6 /* Release */,
			);
			defaultConfigurationIsVisible = 0;
			defaultConfigurationName = Release;
		};
/* End XCConfigurationList section */

/* Begin XCRemoteSwiftPackageReference section */
		457FF5602B050EC800838CD5 /* XCRemoteSwiftPackageReference "facebook-ios-sdk" */ = {
			isa = XCRemoteSwiftPackageReference;
			repositoryURL = "https://github.com/facebook/facebook-ios-sdk";
			requirement = {
				kind = upToNextMajorVersion;
				minimumVersion = 14.1.0;
			};
		};
/* End XCRemoteSwiftPackageReference section */

/* Begin XCSwiftPackageProductDependency section */
		457FF5612B050EC800838CD5 /* FacebookAEM */ = {
			isa = XCSwiftPackageProductDependency;
			package = 457FF5602B050EC800838CD5 /* XCRemoteSwiftPackageReference "facebook-ios-sdk" */;
			productName = FacebookAEM;
		};
		457FF5632B050EC800838CD5 /* FacebookBasics */ = {
			isa = XCSwiftPackageProductDependency;
			package = 457FF5602B050EC800838CD5 /* XCRemoteSwiftPackageReference "facebook-ios-sdk" */;
			productName = FacebookBasics;
		};
		457FF5652B050EC800838CD5 /* FacebookCore */ = {
			isa = XCSwiftPackageProductDependency;
			package = 457FF5602B050EC800838CD5 /* XCRemoteSwiftPackageReference "facebook-ios-sdk" */;
			productName = FacebookCore;
		};
		457FF5672B050EC800838CD5 /* FacebookGamingServices */ = {
			isa = XCSwiftPackageProductDependency;
			package = 457FF5602B050EC800838CD5 /* XCRemoteSwiftPackageReference "facebook-ios-sdk" */;
			productName = FacebookGamingServices;
		};
		457FF5692B050EC800838CD5 /* FacebookLogin */ = {
			isa = XCSwiftPackageProductDependency;
			package = 457FF5602B050EC800838CD5 /* XCRemoteSwiftPackageReference "facebook-ios-sdk" */;
			productName = FacebookLogin;
		};
		457FF56B2B050EC800838CD5 /* FacebookShare */ = {
			isa = XCSwiftPackageProductDependency;
			package = 457FF5602B050EC800838CD5 /* XCRemoteSwiftPackageReference "facebook-ios-sdk" */;
			productName = FacebookShare;
		};
		457FF56D2B050EC800838CD5 /* FacebookTV */ = {
			isa = XCSwiftPackageProductDependency;
			package = 457FF5602B050EC800838CD5 /* XCRemoteSwiftPackageReference "facebook-ios-sdk" */;
			productName = FacebookTV;
		};
/* End XCSwiftPackageProductDependency section */
	};
	rootObject = 452E42B72B04C29000B8A2C6 /* Project object */;
}
